// !$*UTF8*$!
{
	archiveVersion = 1;
	classes = {
	};
	objectVersion = 51;
	objects = {

/* Begin PBXBuildFile section */
		424C87AD18A9C477C8F44824 /* Pods_Hadi_Movie.framework in Frameworks */ = {isa = PBXBuildFile; fileRef = E644D0A02EC8AC777E13F6EC /* Pods_Hadi_Movie.framework */; };
		86822BB723730B2C0014D3F6 /* ViewUtils.swift in Sources */ = {isa = PBXBuildFile; fileRef = 86822BB623730B2C0014D3F6 /* ViewUtils.swift */; };
		86822BBE237310AD0014D3F6 /* MovieCell.xib in Resources */ = {isa = PBXBuildFile; fileRef = 86822BBC237310AD0014D3F6 /* MovieCell.xib */; };
		86822BBF237310AD0014D3F6 /* MovieCell.swift in Sources */ = {isa = PBXBuildFile; fileRef = 86822BBD237310AD0014D3F6 /* MovieCell.swift */; };
		868F2324237317BE00527C67 /* Utils.swift in Sources */ = {isa = PBXBuildFile; fileRef = 868F2323237317BE00527C67 /* Utils.swift */; };
		868F2327237322F500527C67 /* CreditsResponse.swift in Sources */ = {isa = PBXBuildFile; fileRef = 868F2325237322F500527C67 /* CreditsResponse.swift */; };
		868F2328237322F500527C67 /* MovieDetail.swift in Sources */ = {isa = PBXBuildFile; fileRef = 868F2326237322F500527C67 /* MovieDetail.swift */; };
		868F23302373234D00527C67 /* Genres.swift in Sources */ = {isa = PBXBuildFile; fileRef = 868F232A2373234D00527C67 /* Genres.swift */; };
		868F23312373234D00527C67 /* Crew.swift in Sources */ = {isa = PBXBuildFile; fileRef = 868F232B2373234D00527C67 /* Crew.swift */; };
		868F23322373234D00527C67 /* Cast.swift in Sources */ = {isa = PBXBuildFile; fileRef = 868F232C2373234D00527C67 /* Cast.swift */; };
		868F23332373234D00527C67 /* ProductionCountries.swift in Sources */ = {isa = PBXBuildFile; fileRef = 868F232D2373234D00527C67 /* ProductionCountries.swift */; };
		868F23342373234D00527C67 /* ProductionCompanies.swift in Sources */ = {isa = PBXBuildFile; fileRef = 868F232E2373234D00527C67 /* ProductionCompanies.swift */; };
		868F23352373234D00527C67 /* SpokenLanguages.swift in Sources */ = {isa = PBXBuildFile; fileRef = 868F232F2373234D00527C67 /* SpokenLanguages.swift */; };
		868F23392373241C00527C67 /* CastCollectionCell.swift in Sources */ = {isa = PBXBuildFile; fileRef = 868F23372373241C00527C67 /* CastCollectionCell.swift */; };
		868F233A2373241C00527C67 /* CastCollectionCell.xib in Resources */ = {isa = PBXBuildFile; fileRef = 868F23382373241C00527C67 /* CastCollectionCell.xib */; };
		86BF1C6E23719EDE00BBF060 /* AppDelegate.swift in Sources */ = {isa = PBXBuildFile; fileRef = 86BF1C6D23719EDE00BBF060 /* AppDelegate.swift */; };
		86BF1C7023719EDE00BBF060 /* SceneDelegate.swift in Sources */ = {isa = PBXBuildFile; fileRef = 86BF1C6F23719EDE00BBF060 /* SceneDelegate.swift */; };
		86BF1C7223719EDE00BBF060 /* MasterViewController.swift in Sources */ = {isa = PBXBuildFile; fileRef = 86BF1C7123719EDE00BBF060 /* MasterViewController.swift */; };
		86BF1C7423719EDE00BBF060 /* DetailViewController.swift in Sources */ = {isa = PBXBuildFile; fileRef = 86BF1C7323719EDE00BBF060 /* DetailViewController.swift */; };
		86BF1C7723719EDF00BBF060 /* Main.storyboard in Resources */ = {isa = PBXBuildFile; fileRef = 86BF1C7523719EDF00BBF060 /* Main.storyboard */; };
		86BF1C7923719EE100BBF060 /* Assets.xcassets in Resources */ = {isa = PBXBuildFile; fileRef = 86BF1C7823719EE100BBF060 /* Assets.xcassets */; };
		86BF1C7C23719EE100BBF060 /* LaunchScreen.storyboard in Resources */ = {isa = PBXBuildFile; fileRef = 86BF1C7A23719EE100BBF060 /* LaunchScreen.storyboard */; };
		86BF1C8723719EE200BBF060 /* Hadi_MovieUITests.swift in Sources */ = {isa = PBXBuildFile; fileRef = 86BF1C8623719EE200BBF060 /* Hadi_MovieUITests.swift */; };
		86BF1CA42371A17700BBF060 /* ParameterEncoding.swift in Sources */ = {isa = PBXBuildFile; fileRef = 86BF1C932371A17700BBF060 /* ParameterEncoding.swift */; };
		86BF1CA52371A17700BBF060 /* URLParameterEncoding.swift in Sources */ = {isa = PBXBuildFile; fileRef = 86BF1C942371A17700BBF060 /* URLParameterEncoding.swift */; };
		86BF1CA62371A17700BBF060 /* JSONParameterEncoder.swift in Sources */ = {isa = PBXBuildFile; fileRef = 86BF1C952371A17700BBF060 /* JSONParameterEncoder.swift */; };
		86BF1CA72371A17700BBF060 /* NetworkManager.swift in Sources */ = {isa = PBXBuildFile; fileRef = 86BF1C972371A17700BBF060 /* NetworkManager.swift */; };
		86BF1CA82371A17700BBF060 /* MovieEndPoint.swift in Sources */ = {isa = PBXBuildFile; fileRef = 86BF1C992371A17700BBF060 /* MovieEndPoint.swift */; };
		86BF1CA92371A17700BBF060 /* HTTPTask.swift in Sources */ = {isa = PBXBuildFile; fileRef = 86BF1C9B2371A17700BBF060 /* HTTPTask.swift */; };
		86BF1CAA2371A17700BBF060 /* HTTPMethod.swift in Sources */ = {isa = PBXBuildFile; fileRef = 86BF1C9C2371A17700BBF060 /* HTTPMethod.swift */; };
		86BF1CAB2371A17700BBF060 /* Router.swift in Sources */ = {isa = PBXBuildFile; fileRef = 86BF1C9D2371A17700BBF060 /* Router.swift */; };
		86BF1CAC2371A17700BBF060 /* NetworkLogger.swift in Sources */ = {isa = PBXBuildFile; fileRef = 86BF1C9E2371A17700BBF060 /* NetworkLogger.swift */; };
		86BF1CAD2371A17700BBF060 /* EndPointType.swift in Sources */ = {isa = PBXBuildFile; fileRef = 86BF1C9F2371A17700BBF060 /* EndPointType.swift */; };
		86BF1CAE2371A17700BBF060 /* Movie.swift in Sources */ = {isa = PBXBuildFile; fileRef = 86BF1CA22371A17700BBF060 /* Movie.swift */; };
		9135E5ECC89E42AB83DD356A /* Pods_Hadi_Movie_Hadi_MovieUITests.framework in Frameworks */ = {isa = PBXBuildFile; fileRef = 2452C3EB7FC153430E6CB846 /* Pods_Hadi_Movie_Hadi_MovieUITests.framework */; };
/* End PBXBuildFile section */

/* Begin PBXContainerItemProxy section */
		86BF1C8323719EE200BBF060 /* PBXContainerItemProxy */ = {
			isa = PBXContainerItemProxy;
			containerPortal = 86BF1C6223719EDE00BBF060 /* Project object */;
			proxyType = 1;
			remoteGlobalIDString = 86BF1C6923719EDE00BBF060;
			remoteInfo = "Hadi Movie";
		};
/* End PBXContainerItemProxy section */

/* Begin PBXFileReference section */
		2452C3EB7FC153430E6CB846 /* Pods_Hadi_Movie_Hadi_MovieUITests.framework */ = {isa = PBXFileReference; explicitFileType = wrapper.framework; includeInIndex = 0; path = Pods_Hadi_Movie_Hadi_MovieUITests.framework; sourceTree = BUILT_PRODUCTS_DIR; };
		613514152519972528E4A643 /* Pods-Hadi Movie.debug.xcconfig */ = {isa = PBXFileReference; includeInIndex = 1; lastKnownFileType = text.xcconfig; name = "Pods-Hadi Movie.debug.xcconfig"; path = "Target Support Files/Pods-Hadi Movie/Pods-Hadi Movie.debug.xcconfig"; sourceTree = "<group>"; };
		80F92FE23A2D32450099BC06 /* Pods-Hadi Movie.release.xcconfig */ = {isa = PBXFileReference; includeInIndex = 1; lastKnownFileType = text.xcconfig; name = "Pods-Hadi Movie.release.xcconfig"; path = "Target Support Files/Pods-Hadi Movie/Pods-Hadi Movie.release.xcconfig"; sourceTree = "<group>"; };
		86822BB623730B2C0014D3F6 /* ViewUtils.swift */ = {isa = PBXFileReference; lastKnownFileType = sourcecode.swift; path = ViewUtils.swift; sourceTree = "<group>"; };
		86822BBC237310AD0014D3F6 /* MovieCell.xib */ = {isa = PBXFileReference; fileEncoding = 4; lastKnownFileType = file.xib; path = MovieCell.xib; sourceTree = "<group>"; };
		86822BBD237310AD0014D3F6 /* MovieCell.swift */ = {isa = PBXFileReference; fileEncoding = 4; lastKnownFileType = sourcecode.swift; path = MovieCell.swift; sourceTree = "<group>"; };
		868F2323237317BE00527C67 /* Utils.swift */ = {isa = PBXFileReference; lastKnownFileType = sourcecode.swift; path = Utils.swift; sourceTree = "<group>"; };
		868F2325237322F500527C67 /* CreditsResponse.swift */ = {isa = PBXFileReference; fileEncoding = 4; lastKnownFileType = sourcecode.swift; path = CreditsResponse.swift; sourceTree = "<group>"; };
		868F2326237322F500527C67 /* MovieDetail.swift */ = {isa = PBXFileReference; fileEncoding = 4; lastKnownFileType = sourcecode.swift; path = MovieDetail.swift; sourceTree = "<group>"; };
		868F232A2373234D00527C67 /* Genres.swift */ = {isa = PBXFileReference; fileEncoding = 4; lastKnownFileType = sourcecode.swift; path = Genres.swift; sourceTree = "<group>"; };
		868F232B2373234D00527C67 /* Crew.swift */ = {isa = PBXFileReference; fileEncoding = 4; lastKnownFileType = sourcecode.swift; path = Crew.swift; sourceTree = "<group>"; };
		868F232C2373234D00527C67 /* Cast.swift */ = {isa = PBXFileReference; fileEncoding = 4; lastKnownFileType = sourcecode.swift; path = Cast.swift; sourceTree = "<group>"; };
		868F232D2373234D00527C67 /* ProductionCountries.swift */ = {isa = PBXFileReference; fileEncoding = 4; lastKnownFileType = sourcecode.swift; path = ProductionCountries.swift; sourceTree = "<group>"; };
		868F232E2373234D00527C67 /* ProductionCompanies.swift */ = {isa = PBXFileReference; fileEncoding = 4; lastKnownFileType = sourcecode.swift; path = ProductionCompanies.swift; sourceTree = "<group>"; };
		868F232F2373234D00527C67 /* SpokenLanguages.swift */ = {isa = PBXFileReference; fileEncoding = 4; lastKnownFileType = sourcecode.swift; path = SpokenLanguages.swift; sourceTree = "<group>"; };
		868F23372373241C00527C67 /* CastCollectionCell.swift */ = {isa = PBXFileReference; fileEncoding = 4; lastKnownFileType = sourcecode.swift; path = CastCollectionCell.swift; sourceTree = "<group>"; };
		868F23382373241C00527C67 /* CastCollectionCell.xib */ = {isa = PBXFileReference; fileEncoding = 4; lastKnownFileType = file.xib; path = CastCollectionCell.xib; sourceTree = "<group>"; };
		86BF1C6A23719EDE00BBF060 /* Hadi Movie.app */ = {isa = PBXFileReference; explicitFileType = wrapper.application; includeInIndex = 0; path = "Hadi Movie.app"; sourceTree = BUILT_PRODUCTS_DIR; };
		86BF1C6D23719EDE00BBF060 /* AppDelegate.swift */ = {isa = PBXFileReference; lastKnownFileType = sourcecode.swift; path = AppDelegate.swift; sourceTree = "<group>"; };
		86BF1C6F23719EDE00BBF060 /* SceneDelegate.swift */ = {isa = PBXFileReference; lastKnownFileType = sourcecode.swift; path = SceneDelegate.swift; sourceTree = "<group>"; };
		86BF1C7123719EDE00BBF060 /* MasterViewController.swift */ = {isa = PBXFileReference; lastKnownFileType = sourcecode.swift; path = MasterViewController.swift; sourceTree = "<group>"; };
		86BF1C7323719EDE00BBF060 /* DetailViewController.swift */ = {isa = PBXFileReference; lastKnownFileType = sourcecode.swift; path = DetailViewController.swift; sourceTree = "<group>"; };
		86BF1C7623719EDF00BBF060 /* Base */ = {isa = PBXFileReference; lastKnownFileType = file.storyboard; name = Base; path = Base.lproj/Main.storyboard; sourceTree = "<group>"; };
		86BF1C7823719EE100BBF060 /* Assets.xcassets */ = {isa = PBXFileReference; lastKnownFileType = folder.assetcatalog; path = Assets.xcassets; sourceTree = "<group>"; };
		86BF1C7B23719EE100BBF060 /* Base */ = {isa = PBXFileReference; lastKnownFileType = file.storyboard; name = Base; path = Base.lproj/LaunchScreen.storyboard; sourceTree = "<group>"; };
		86BF1C7D23719EE100BBF060 /* Info.plist */ = {isa = PBXFileReference; lastKnownFileType = text.plist.xml; path = Info.plist; sourceTree = "<group>"; };
		86BF1C8223719EE200BBF060 /* Hadi MovieUITests.xctest */ = {isa = PBXFileReference; explicitFileType = wrapper.cfbundle; includeInIndex = 0; path = "Hadi MovieUITests.xctest"; sourceTree = BUILT_PRODUCTS_DIR; };
		86BF1C8623719EE200BBF060 /* Hadi_MovieUITests.swift */ = {isa = PBXFileReference; lastKnownFileType = sourcecode.swift; path = Hadi_MovieUITests.swift; sourceTree = "<group>"; };
		86BF1C8823719EE200BBF060 /* Info.plist */ = {isa = PBXFileReference; lastKnownFileType = text.plist.xml; path = Info.plist; sourceTree = "<group>"; };
		86BF1C932371A17700BBF060 /* ParameterEncoding.swift */ = {isa = PBXFileReference; fileEncoding = 4; lastKnownFileType = sourcecode.swift; path = ParameterEncoding.swift; sourceTree = "<group>"; };
		86BF1C942371A17700BBF060 /* URLParameterEncoding.swift */ = {isa = PBXFileReference; fileEncoding = 4; lastKnownFileType = sourcecode.swift; path = URLParameterEncoding.swift; sourceTree = "<group>"; };
		86BF1C952371A17700BBF060 /* JSONParameterEncoder.swift */ = {isa = PBXFileReference; fileEncoding = 4; lastKnownFileType = sourcecode.swift; path = JSONParameterEncoder.swift; sourceTree = "<group>"; };
		86BF1C972371A17700BBF060 /* NetworkManager.swift */ = {isa = PBXFileReference; fileEncoding = 4; lastKnownFileType = sourcecode.swift; path = NetworkManager.swift; sourceTree = "<group>"; };
		86BF1C992371A17700BBF060 /* MovieEndPoint.swift */ = {isa = PBXFileReference; fileEncoding = 4; lastKnownFileType = sourcecode.swift; path = MovieEndPoint.swift; sourceTree = "<group>"; };
		86BF1C9B2371A17700BBF060 /* HTTPTask.swift */ = {isa = PBXFileReference; fileEncoding = 4; lastKnownFileType = sourcecode.swift; path = HTTPTask.swift; sourceTree = "<group>"; };
		86BF1C9C2371A17700BBF060 /* HTTPMethod.swift */ = {isa = PBXFileReference; fileEncoding = 4; lastKnownFileType = sourcecode.swift; path = HTTPMethod.swift; sourceTree = "<group>"; };
		86BF1C9D2371A17700BBF060 /* Router.swift */ = {isa = PBXFileReference; fileEncoding = 4; lastKnownFileType = sourcecode.swift; path = Router.swift; sourceTree = "<group>"; };
		86BF1C9E2371A17700BBF060 /* NetworkLogger.swift */ = {isa = PBXFileReference; fileEncoding = 4; lastKnownFileType = sourcecode.swift; path = NetworkLogger.swift; sourceTree = "<group>"; };
		86BF1C9F2371A17700BBF060 /* EndPointType.swift */ = {isa = PBXFileReference; fileEncoding = 4; lastKnownFileType = sourcecode.swift; path = EndPointType.swift; sourceTree = "<group>"; };
		86BF1CA22371A17700BBF060 /* Movie.swift */ = {isa = PBXFileReference; fileEncoding = 4; lastKnownFileType = sourcecode.swift; path = Movie.swift; sourceTree = "<group>"; };
		B482F93B6908EBF196A35764 /* Pods-Hadi Movie-Hadi MovieUITests.debug.xcconfig */ = {isa = PBXFileReference; includeInIndex = 1; lastKnownFileType = text.xcconfig; name = "Pods-Hadi Movie-Hadi MovieUITests.debug.xcconfig"; path = "Target Support Files/Pods-Hadi Movie-Hadi MovieUITests/Pods-Hadi Movie-Hadi MovieUITests.debug.xcconfig"; sourceTree = "<group>"; };
		BD5319E742C0ECBB70E392FA /* Pods-Hadi Movie-Hadi MovieUITests.release.xcconfig */ = {isa = PBXFileReference; includeInIndex = 1; lastKnownFileType = text.xcconfig; name = "Pods-Hadi Movie-Hadi MovieUITests.release.xcconfig"; path = "Target Support Files/Pods-Hadi Movie-Hadi MovieUITests/Pods-Hadi Movie-Hadi MovieUITests.release.xcconfig"; sourceTree = "<group>"; };
		E644D0A02EC8AC777E13F6EC /* Pods_Hadi_Movie.framework */ = {isa = PBXFileReference; explicitFileType = wrapper.framework; includeInIndex = 0; path = Pods_Hadi_Movie.framework; sourceTree = BUILT_PRODUCTS_DIR; };
/* End PBXFileReference section */

/* Begin PBXFrameworksBuildPhase section */
		86BF1C6723719EDE00BBF060 /* Frameworks */ = {
			isa = PBXFrameworksBuildPhase;
			buildActionMask = 2147483647;
			files = (
				424C87AD18A9C477C8F44824 /* Pods_Hadi_Movie.framework in Frameworks */,
			);
			runOnlyForDeploymentPostprocessing = 0;
		};
		86BF1C7F23719EE200BBF060 /* Frameworks */ = {
			isa = PBXFrameworksBuildPhase;
			buildActionMask = 2147483647;
			files = (
				9135E5ECC89E42AB83DD356A /* Pods_Hadi_Movie_Hadi_MovieUITests.framework in Frameworks */,
			);
			runOnlyForDeploymentPostprocessing = 0;
		};
/* End PBXFrameworksBuildPhase section */

/* Begin PBXGroup section */
		2AA4D14F90F57A2B575E9033 /* Frameworks */ = {
			isa = PBXGroup;
			children = (
				E644D0A02EC8AC777E13F6EC /* Pods_Hadi_Movie.framework */,
				2452C3EB7FC153430E6CB846 /* Pods_Hadi_Movie_Hadi_MovieUITests.framework */,
			);
			name = Frameworks;
			sourceTree = "<group>";
		};
		86822BB523730B110014D3F6 /* Utils */ = {
			isa = PBXGroup;
			children = (
				86822BB623730B2C0014D3F6 /* ViewUtils.swift */,
				868F2323237317BE00527C67 /* Utils.swift */,
			);
			path = Utils;
			sourceTree = "<group>";
		};
		86822BB823730EBF0014D3F6 /* MasterVC */ = {
			isa = PBXGroup;
			children = (
				86BF1C7123719EDE00BBF060 /* MasterViewController.swift */,
				86822BBB2373109C0014D3F6 /* MovieCell */,
			);
			path = MasterVC;
			sourceTree = "<group>";
		};
		86822BB923730ECA0014D3F6 /* DetailVC */ = {
			isa = PBXGroup;
			children = (
				86BF1C7323719EDE00BBF060 /* DetailViewController.swift */,
				868F2336237323FF00527C67 /* CastCollectionCell */,
			);
			path = DetailVC;
			sourceTree = "<group>";
		};
		86822BBB2373109C0014D3F6 /* MovieCell */ = {
			isa = PBXGroup;
			children = (
				86822BBD237310AD0014D3F6 /* MovieCell.swift */,
				86822BBC237310AD0014D3F6 /* MovieCell.xib */,
			);
			path = MovieCell;
			sourceTree = "<group>";
		};
		868F23292373230600527C67 /* Submodel */ = {
			isa = PBXGroup;
			children = (
				868F232C2373234D00527C67 /* Cast.swift */,
				868F232B2373234D00527C67 /* Crew.swift */,
				868F232A2373234D00527C67 /* Genres.swift */,
				868F232E2373234D00527C67 /* ProductionCompanies.swift */,
				868F232D2373234D00527C67 /* ProductionCountries.swift */,
				868F232F2373234D00527C67 /* SpokenLanguages.swift */,
			);
			path = Submodel;
			sourceTree = "<group>";
		};
		868F2336237323FF00527C67 /* CastCollectionCell */ = {
			isa = PBXGroup;
			children = (
				868F23372373241C00527C67 /* CastCollectionCell.swift */,
				868F23382373241C00527C67 /* CastCollectionCell.xib */,
			);
			path = CastCollectionCell;
			sourceTree = "<group>";
		};
		86BF1C6123719EDE00BBF060 = {
			isa = PBXGroup;
			children = (
				86BF1C6C23719EDE00BBF060 /* Hadi Movie */,
				86BF1C8523719EE200BBF060 /* Hadi MovieUITests */,
				86BF1C6B23719EDE00BBF060 /* Products */,
				FBA795E2E8293A56E9FA4103 /* Pods */,
				2AA4D14F90F57A2B575E9033 /* Frameworks */,
			);
			sourceTree = "<group>";
		};
		86BF1C6B23719EDE00BBF060 /* Products */ = {
			isa = PBXGroup;
			children = (
				86BF1C6A23719EDE00BBF060 /* Hadi Movie.app */,
				86BF1C8223719EE200BBF060 /* Hadi MovieUITests.xctest */,
			);
			name = Products;
			sourceTree = "<group>";
		};
		86BF1C6C23719EDE00BBF060 /* Hadi Movie */ = {
			isa = PBXGroup;
			children = (
				86BF1C6D23719EDE00BBF060 /* AppDelegate.swift */,
				86BF1C6F23719EDE00BBF060 /* SceneDelegate.swift */,
				86822BB523730B110014D3F6 /* Utils */,
				86BF1CA02371A17700BBF060 /* Applicatiom */,
				86BF1CA12371A17700BBF060 /* Model */,
				86BF1C912371A17700BBF060 /* Networking */,
				86BF1CA32371A17700BBF060 /* ViewController */,
				86BF1C7523719EDF00BBF060 /* Main.storyboard */,
				86BF1C7823719EE100BBF060 /* Assets.xcassets */,
				86BF1C7A23719EE100BBF060 /* LaunchScreen.storyboard */,
				86BF1C7D23719EE100BBF060 /* Info.plist */,
			);
			path = "Hadi Movie";
			sourceTree = "<group>";
		};
		86BF1C8523719EE200BBF060 /* Hadi MovieUITests */ = {
			isa = PBXGroup;
			children = (
				86BF1C8623719EE200BBF060 /* Hadi_MovieUITests.swift */,
				86BF1C8823719EE200BBF060 /* Info.plist */,
			);
			path = "Hadi MovieUITests";
			sourceTree = "<group>";
		};
		86BF1C912371A17700BBF060 /* Networking */ = {
			isa = PBXGroup;
			children = (
				86BF1C982371A17700BBF060 /* EndPoint */,
				86BF1C962371A17700BBF060 /* Manager */,
				86BF1C9A2371A17700BBF060 /* Service */,
				86BF1C922371A17700BBF060 /* Encoding */,
			);
			path = Networking;
			sourceTree = "<group>";
		};
		86BF1C922371A17700BBF060 /* Encoding */ = {
			isa = PBXGroup;
			children = (
				86BF1C932371A17700BBF060 /* ParameterEncoding.swift */,
				86BF1C942371A17700BBF060 /* URLParameterEncoding.swift */,
				86BF1C952371A17700BBF060 /* JSONParameterEncoder.swift */,
			);
			path = Encoding;
			sourceTree = "<group>";
		};
		86BF1C962371A17700BBF060 /* Manager */ = {
			isa = PBXGroup;
			children = (
				86BF1C972371A17700BBF060 /* NetworkManager.swift */,
			);
			path = Manager;
			sourceTree = "<group>";
		};
		86BF1C982371A17700BBF060 /* EndPoint */ = {
			isa = PBXGroup;
			children = (
				86BF1C992371A17700BBF060 /* MovieEndPoint.swift */,
			);
			path = EndPoint;
			sourceTree = "<group>";
		};
		86BF1C9A2371A17700BBF060 /* Service */ = {
			isa = PBXGroup;
			children = (
				86BF1C9B2371A17700BBF060 /* HTTPTask.swift */,
				86BF1C9C2371A17700BBF060 /* HTTPMethod.swift */,
				86BF1C9D2371A17700BBF060 /* Router.swift */,
				86BF1C9E2371A17700BBF060 /* NetworkLogger.swift */,
				86BF1C9F2371A17700BBF060 /* EndPointType.swift */,
			);
			path = Service;
			sourceTree = "<group>";
		};
		86BF1CA02371A17700BBF060 /* Applicatiom */ = {
			isa = PBXGroup;
			children = (
			);
			path = Applicatiom;
			sourceTree = "<group>";
		};
		86BF1CA12371A17700BBF060 /* Model */ = {
			isa = PBXGroup;
			children = (
				86BF1CA22371A17700BBF060 /* Movie.swift */,
				868F2325237322F500527C67 /* CreditsResponse.swift */,
				868F2326237322F500527C67 /* MovieDetail.swift */,
				868F23292373230600527C67 /* Submodel */,
			);
			path = Model;
			sourceTree = "<group>";
		};
		86BF1CA32371A17700BBF060 /* ViewController */ = {
			isa = PBXGroup;
			children = (
				86822BB823730EBF0014D3F6 /* MasterVC */,
				86822BB923730ECA0014D3F6 /* DetailVC */,
			);
			path = ViewController;
			sourceTree = "<group>";
		};
		FBA795E2E8293A56E9FA4103 /* Pods */ = {
			isa = PBXGroup;
			children = (
				613514152519972528E4A643 /* Pods-Hadi Movie.debug.xcconfig */,
				80F92FE23A2D32450099BC06 /* Pods-Hadi Movie.release.xcconfig */,
				B482F93B6908EBF196A35764 /* Pods-Hadi Movie-Hadi MovieUITests.debug.xcconfig */,
				BD5319E742C0ECBB70E392FA /* Pods-Hadi Movie-Hadi MovieUITests.release.xcconfig */,
			);
			path = Pods;
			sourceTree = "<group>";
		};
/* End PBXGroup section */

/* Begin PBXNativeTarget section */
		86BF1C6923719EDE00BBF060 /* Hadi Movie */ = {
			isa = PBXNativeTarget;
			buildConfigurationList = 86BF1C8B23719EE200BBF060 /* Build configuration list for PBXNativeTarget "Hadi Movie" */;
			buildPhases = (
				CC7BCFF268B16B755AF94FBE /* [CP] Check Pods Manifest.lock */,
				86BF1C6623719EDE00BBF060 /* Sources */,
				86BF1C6723719EDE00BBF060 /* Frameworks */,
				86BF1C6823719EDE00BBF060 /* Resources */,
				F9C5D06AE4C92CA35002DEE6 /* [CP] Embed Pods Frameworks */,
			);
			buildRules = (
			);
			dependencies = (
			);
			name = "Hadi Movie";
			productName = "Hadi Movie";
			productReference = 86BF1C6A23719EDE00BBF060 /* Hadi Movie.app */;
			productType = "com.apple.product-type.application";
		};
		86BF1C8123719EE200BBF060 /* Hadi MovieUITests */ = {
			isa = PBXNativeTarget;
			buildConfigurationList = 86BF1C8E23719EE200BBF060 /* Build configuration list for PBXNativeTarget "Hadi MovieUITests" */;
			buildPhases = (
				09D6F3540420274DA1E84DCB /* [CP] Check Pods Manifest.lock */,
				86BF1C7E23719EE200BBF060 /* Sources */,
				86BF1C7F23719EE200BBF060 /* Frameworks */,
				86BF1C8023719EE200BBF060 /* Resources */,
				97C8E74337A935FC20D16D04 /* [CP] Embed Pods Frameworks */,
			);
			buildRules = (
			);
			dependencies = (
				86BF1C8423719EE200BBF060 /* PBXTargetDependency */,
			);
			name = "Hadi MovieUITests";
			productName = "Hadi MovieUITests";
			productReference = 86BF1C8223719EE200BBF060 /* Hadi MovieUITests.xctest */;
			productType = "com.apple.product-type.bundle.ui-testing";
		};
/* End PBXNativeTarget section */

/* Begin PBXProject section */
		86BF1C6223719EDE00BBF060 /* Project object */ = {
			isa = PBXProject;
			attributes = {
				LastSwiftUpdateCheck = 1110;
				LastUpgradeCheck = 1110;
				ORGANIZATIONNAME = KS;
				TargetAttributes = {
					86BF1C6923719EDE00BBF060 = {
						CreatedOnToolsVersion = 11.1;
					};
					86BF1C8123719EE200BBF060 = {
						CreatedOnToolsVersion = 11.1;
						TestTargetID = 86BF1C6923719EDE00BBF060;
					};
				};
			};
			buildConfigurationList = 86BF1C6523719EDE00BBF060 /* Build configuration list for PBXProject "Hadi Movie" */;
			compatibilityVersion = "Xcode 9.3";
			developmentRegion = en;
			hasScannedForEncodings = 0;
			knownRegions = (
				en,
				Base,
			);
			mainGroup = 86BF1C6123719EDE00BBF060;
			productRefGroup = 86BF1C6B23719EDE00BBF060 /* Products */;
			projectDirPath = "";
			projectRoot = "";
			targets = (
				86BF1C6923719EDE00BBF060 /* Hadi Movie */,
				86BF1C8123719EE200BBF060 /* Hadi MovieUITests */,
			);
		};
/* End PBXProject section */

/* Begin PBXResourcesBuildPhase section */
		86BF1C6823719EDE00BBF060 /* Resources */ = {
			isa = PBXResourcesBuildPhase;
			buildActionMask = 2147483647;
			files = (
				86BF1C7C23719EE100BBF060 /* LaunchScreen.storyboard in Resources */,
				868F233A2373241C00527C67 /* CastCollectionCell.xib in Resources */,
				86BF1C7923719EE100BBF060 /* Assets.xcassets in Resources */,
				86822BBE237310AD0014D3F6 /* MovieCell.xib in Resources */,
				86BF1C7723719EDF00BBF060 /* Main.storyboard in Resources */,
			);
			runOnlyForDeploymentPostprocessing = 0;
		};
		86BF1C8023719EE200BBF060 /* Resources */ = {
			isa = PBXResourcesBuildPhase;
			buildActionMask = 2147483647;
			files = (
			);
			runOnlyForDeploymentPostprocessing = 0;
		};
/* End PBXResourcesBuildPhase section */

/* Begin PBXShellScriptBuildPhase section */
		09D6F3540420274DA1E84DCB /* [CP] Check Pods Manifest.lock */ = {
			isa = PBXShellScriptBuildPhase;
			buildActionMask = 2147483647;
			files = (
			);
			inputFileListPaths = (
			);
			inputPaths = (
				"${PODS_PODFILE_DIR_PATH}/Podfile.lock",
				"${PODS_ROOT}/Manifest.lock",
			);
			name = "[CP] Check Pods Manifest.lock";
			outputFileListPaths = (
			);
			outputPaths = (
				"$(DERIVED_FILE_DIR)/Pods-Hadi Movie-Hadi MovieUITests-checkManifestLockResult.txt",
			);
			runOnlyForDeploymentPostprocessing = 0;
			shellPath = /bin/sh;
			shellScript = "diff \"${PODS_PODFILE_DIR_PATH}/Podfile.lock\" \"${PODS_ROOT}/Manifest.lock\" > /dev/null\nif [ $? != 0 ] ; then\n    # print error to STDERR\n    echo \"error: The sandbox is not in sync with the Podfile.lock. Run 'pod install' or update your CocoaPods installation.\" >&2\n    exit 1\nfi\n# This output is used by Xcode 'outputs' to avoid re-running this script phase.\necho \"SUCCESS\" > \"${SCRIPT_OUTPUT_FILE_0}\"\n";
			showEnvVarsInLog = 0;
		};
		97C8E74337A935FC20D16D04 /* [CP] Embed Pods Frameworks */ = {
			isa = PBXShellScriptBuildPhase;
			buildActionMask = 2147483647;
			files = (
			);
			inputFileListPaths = (
				"${PODS_ROOT}/Target Support Files/Pods-Hadi Movie-Hadi MovieUITests/Pods-Hadi Movie-Hadi MovieUITests-frameworks-${CONFIGURATION}-input-files.xcfilelist",
			);
			name = "[CP] Embed Pods Frameworks";
			outputFileListPaths = (
				"${PODS_ROOT}/Target Support Files/Pods-Hadi Movie-Hadi MovieUITests/Pods-Hadi Movie-Hadi MovieUITests-frameworks-${CONFIGURATION}-output-files.xcfilelist",
			);
			runOnlyForDeploymentPostprocessing = 0;
			shellPath = /bin/sh;
			shellScript = "\"${PODS_ROOT}/Target Support Files/Pods-Hadi Movie-Hadi MovieUITests/Pods-Hadi Movie-Hadi MovieUITests-frameworks.sh\"\n";
			showEnvVarsInLog = 0;
		};
		CC7BCFF268B16B755AF94FBE /* [CP] Check Pods Manifest.lock */ = {
			isa = PBXShellScriptBuildPhase;
			buildActionMask = 2147483647;
			files = (
			);
			inputFileListPaths = (
			);
			inputPaths = (
				"${PODS_PODFILE_DIR_PATH}/Podfile.lock",
				"${PODS_ROOT}/Manifest.lock",
			);
			name = "[CP] Check Pods Manifest.lock";
			outputFileListPaths = (
			);
			outputPaths = (
				"$(DERIVED_FILE_DIR)/Pods-Hadi Movie-checkManifestLockResult.txt",
			);
			runOnlyForDeploymentPostprocessing = 0;
			shellPath = /bin/sh;
			shellScript = "diff \"${PODS_PODFILE_DIR_PATH}/Podfile.lock\" \"${PODS_ROOT}/Manifest.lock\" > /dev/null\nif [ $? != 0 ] ; then\n    # print error to STDERR\n    echo \"error: The sandbox is not in sync with the Podfile.lock. Run 'pod install' or update your CocoaPods installation.\" >&2\n    exit 1\nfi\n# This output is used by Xcode 'outputs' to avoid re-running this script phase.\necho \"SUCCESS\" > \"${SCRIPT_OUTPUT_FILE_0}\"\n";
			showEnvVarsInLog = 0;
		};
		F9C5D06AE4C92CA35002DEE6 /* [CP] Embed Pods Frameworks */ = {
			isa = PBXShellScriptBuildPhase;
			buildActionMask = 2147483647;
			files = (
			);
			inputFileListPaths = (
				"${PODS_ROOT}/Target Support Files/Pods-Hadi Movie/Pods-Hadi Movie-frameworks-${CONFIGURATION}-input-files.xcfilelist",
			);
			name = "[CP] Embed Pods Frameworks";
			outputFileListPaths = (
				"${PODS_ROOT}/Target Support Files/Pods-Hadi Movie/Pods-Hadi Movie-frameworks-${CONFIGURATION}-output-files.xcfilelist",
			);
			runOnlyForDeploymentPostprocessing = 0;
			shellPath = /bin/sh;
			shellScript = "\"${PODS_ROOT}/Target Support Files/Pods-Hadi Movie/Pods-Hadi Movie-frameworks.sh\"\n";
			showEnvVarsInLog = 0;
		};
/* End PBXShellScriptBuildPhase section */

/* Begin PBXSourcesBuildPhase section */
		86BF1C6623719EDE00BBF060 /* Sources */ = {
			isa = PBXSourcesBuildPhase;
			buildActionMask = 2147483647;
			files = (
				86BF1C6E23719EDE00BBF060 /* AppDelegate.swift in Sources */,
				868F23392373241C00527C67 /* CastCollectionCell.swift in Sources */,
				86822BBF237310AD0014D3F6 /* MovieCell.swift in Sources */,
				86BF1C7023719EDE00BBF060 /* SceneDelegate.swift in Sources */,
				868F23352373234D00527C67 /* SpokenLanguages.swift in Sources */,
				86BF1CA42371A17700BBF060 /* ParameterEncoding.swift in Sources */,
				868F2327237322F500527C67 /* CreditsResponse.swift in Sources */,
				86BF1CAA2371A17700BBF060 /* HTTPMethod.swift in Sources */,
				86BF1CAB2371A17700BBF060 /* Router.swift in Sources */,
				868F2328237322F500527C67 /* MovieDetail.swift in Sources */,
				86BF1CAC2371A17700BBF060 /* NetworkLogger.swift in Sources */,
				868F23302373234D00527C67 /* Genres.swift in Sources */,
				868F23342373234D00527C67 /* ProductionCompanies.swift in Sources */,
				86822BB723730B2C0014D3F6 /* ViewUtils.swift in Sources */,
				86BF1CAD2371A17700BBF060 /* EndPointType.swift in Sources */,
				86BF1C7223719EDE00BBF060 /* MasterViewController.swift in Sources */,
				86BF1CA72371A17700BBF060 /* NetworkManager.swift in Sources */,
				868F23312373234D00527C67 /* Crew.swift in Sources */,
				868F23332373234D00527C67 /* ProductionCountries.swift in Sources */,
				868F2324237317BE00527C67 /* Utils.swift in Sources */,
				86BF1CA52371A17700BBF060 /* URLParameterEncoding.swift in Sources */,
				86BF1CA92371A17700BBF060 /* HTTPTask.swift in Sources */,
				86BF1CA62371A17700BBF060 /* JSONParameterEncoder.swift in Sources */,
				86BF1C7423719EDE00BBF060 /* DetailViewController.swift in Sources */,
				86BF1CA82371A17700BBF060 /* MovieEndPoint.swift in Sources */,
				86BF1CAE2371A17700BBF060 /* Movie.swift in Sources */,
				868F23322373234D00527C67 /* Cast.swift in Sources */,
			);
			runOnlyForDeploymentPostprocessing = 0;
		};
		86BF1C7E23719EE200BBF060 /* Sources */ = {
			isa = PBXSourcesBuildPhase;
			buildActionMask = 2147483647;
			files = (
				86BF1C8723719EE200BBF060 /* Hadi_MovieUITests.swift in Sources */,
			);
			runOnlyForDeploymentPostprocessing = 0;
		};
/* End PBXSourcesBuildPhase section */

/* Begin PBXTargetDependency section */
		86BF1C8423719EE200BBF060 /* PBXTargetDependency */ = {
			isa = PBXTargetDependency;
			target = 86BF1C6923719EDE00BBF060 /* Hadi Movie */;
			targetProxy = 86BF1C8323719EE200BBF060 /* PBXContainerItemProxy */;
		};
/* End PBXTargetDependency section */

/* Begin PBXVariantGroup section */
		86BF1C7523719EDF00BBF060 /* Main.storyboard */ = {
			isa = PBXVariantGroup;
			children = (
				86BF1C7623719EDF00BBF060 /* Base */,
			);
			name = Main.storyboard;
			sourceTree = "<group>";
		};
		86BF1C7A23719EE100BBF060 /* LaunchScreen.storyboard */ = {
			isa = PBXVariantGroup;
			children = (
				86BF1C7B23719EE100BBF060 /* Base */,
			);
			name = LaunchScreen.storyboard;
			sourceTree = "<group>";
		};
/* End PBXVariantGroup section */

/* Begin XCBuildConfiguration section */
		86BF1C8923719EE200BBF060 /* Debug */ = {
			isa = XCBuildConfiguration;
			buildSettings = {
				ALWAYS_SEARCH_USER_PATHS = NO;
				CLANG_ANALYZER_NONNULL = YES;
				CLANG_ANALYZER_NUMBER_OBJECT_CONVERSION = YES_AGGRESSIVE;
				CLANG_CXX_LANGUAGE_STANDARD = "gnu++14";
				CLANG_CXX_LIBRARY = "libc++";
				CLANG_ENABLE_MODULES = YES;
				CLANG_ENABLE_OBJC_ARC = YES;
				CLANG_ENABLE_OBJC_WEAK = YES;
				CLANG_WARN_BLOCK_CAPTURE_AUTORELEASING = YES;
				CLANG_WARN_BOOL_CONVERSION = YES;
				CLANG_WARN_COMMA = YES;
				CLANG_WARN_CONSTANT_CONVERSION = YES;
				CLANG_WARN_DEPRECATED_OBJC_IMPLEMENTATIONS = YES;
				CLANG_WARN_DIRECT_OBJC_ISA_USAGE = YES_ERROR;
				CLANG_WARN_DOCUMENTATION_COMMENTS = YES;
				CLANG_WARN_EMPTY_BODY = YES;
				CLANG_WARN_ENUM_CONVERSION = YES;
				CLANG_WARN_INFINITE_RECURSION = YES;
				CLANG_WARN_INT_CONVERSION = YES;
				CLANG_WARN_NON_LITERAL_NULL_CONVERSION = YES;
				CLANG_WARN_OBJC_IMPLICIT_RETAIN_SELF = YES;
				CLANG_WARN_OBJC_LITERAL_CONVERSION = YES;
				CLANG_WARN_OBJC_ROOT_CLASS = YES_ERROR;
				CLANG_WARN_RANGE_LOOP_ANALYSIS = YES;
				CLANG_WARN_STRICT_PROTOTYPES = YES;
				CLANG_WARN_SUSPICIOUS_MOVE = YES;
				CLANG_WARN_UNGUARDED_AVAILABILITY = YES_AGGRESSIVE;
				CLANG_WARN_UNREACHABLE_CODE = YES;
				CLANG_WARN__DUPLICATE_METHOD_MATCH = YES;
				COPY_PHASE_STRIP = NO;
				DEBUG_INFORMATION_FORMAT = dwarf;
				ENABLE_STRICT_OBJC_MSGSEND = YES;
				ENABLE_TESTABILITY = YES;
				GCC_C_LANGUAGE_STANDARD = gnu11;
				GCC_DYNAMIC_NO_PIC = NO;
				GCC_NO_COMMON_BLOCKS = YES;
				GCC_OPTIMIZATION_LEVEL = 0;
				GCC_PREPROCESSOR_DEFINITIONS = (
					"DEBUG=1",
					"$(inherited)",
				);
				GCC_WARN_64_TO_32_BIT_CONVERSION = YES;
				GCC_WARN_ABOUT_RETURN_TYPE = YES_ERROR;
				GCC_WARN_UNDECLARED_SELECTOR = YES;
				GCC_WARN_UNINITIALIZED_AUTOS = YES_AGGRESSIVE;
				GCC_WARN_UNUSED_FUNCTION = YES;
				GCC_WARN_UNUSED_VARIABLE = YES;
				IPHONEOS_DEPLOYMENT_TARGET = 13.1;
				MTL_ENABLE_DEBUG_INFO = INCLUDE_SOURCE;
				MTL_FAST_MATH = YES;
				ONLY_ACTIVE_ARCH = YES;
				SDKROOT = iphoneos;
				SWIFT_ACTIVE_COMPILATION_CONDITIONS = DEBUG;
				SWIFT_OPTIMIZATION_LEVEL = "-Onone";
			};
			name = Debug;
		};
		86BF1C8A23719EE200BBF060 /* Release */ = {
			isa = XCBuildConfiguration;
			buildSettings = {
				ALWAYS_SEARCH_USER_PATHS = NO;
				CLANG_ANALYZER_NONNULL = YES;
				CLANG_ANALYZER_NUMBER_OBJECT_CONVERSION = YES_AGGRESSIVE;
				CLANG_CXX_LANGUAGE_STANDARD = "gnu++14";
				CLANG_CXX_LIBRARY = "libc++";
				CLANG_ENABLE_MODULES = YES;
				CLANG_ENABLE_OBJC_ARC = YES;
				CLANG_ENABLE_OBJC_WEAK = YES;
				CLANG_WARN_BLOCK_CAPTURE_AUTORELEASING = YES;
				CLANG_WARN_BOOL_CONVERSION = YES;
				CLANG_WARN_COMMA = YES;
				CLANG_WARN_CONSTANT_CONVERSION = YES;
				CLANG_WARN_DEPRECATED_OBJC_IMPLEMENTATIONS = YES;
				CLANG_WARN_DIRECT_OBJC_ISA_USAGE = YES_ERROR;
				CLANG_WARN_DOCUMENTATION_COMMENTS = YES;
				CLANG_WARN_EMPTY_BODY = YES;
				CLANG_WARN_ENUM_CONVERSION = YES;
				CLANG_WARN_INFINITE_RECURSION = YES;
				CLANG_WARN_INT_CONVERSION = YES;
				CLANG_WARN_NON_LITERAL_NULL_CONVERSION = YES;
				CLANG_WARN_OBJC_IMPLICIT_RETAIN_SELF = YES;
				CLANG_WARN_OBJC_LITERAL_CONVERSION = YES;
				CLANG_WARN_OBJC_ROOT_CLASS = YES_ERROR;
				CLANG_WARN_RANGE_LOOP_ANALYSIS = YES;
				CLANG_WARN_STRICT_PROTOTYPES = YES;
				CLANG_WARN_SUSPICIOUS_MOVE = YES;
				CLANG_WARN_UNGUARDED_AVAILABILITY = YES_AGGRESSIVE;
				CLANG_WARN_UNREACHABLE_CODE = YES;
				CLANG_WARN__DUPLICATE_METHOD_MATCH = YES;
				COPY_PHASE_STRIP = NO;
				DEBUG_INFORMATION_FORMAT = "dwarf-with-dsym";
				ENABLE_NS_ASSERTIONS = NO;
				ENABLE_STRICT_OBJC_MSGSEND = YES;
				GCC_C_LANGUAGE_STANDARD = gnu11;
				GCC_NO_COMMON_BLOCKS = YES;
				GCC_WARN_64_TO_32_BIT_CONVERSION = YES;
				GCC_WARN_ABOUT_RETURN_TYPE = YES_ERROR;
				GCC_WARN_UNDECLARED_SELECTOR = YES;
				GCC_WARN_UNINITIALIZED_AUTOS = YES_AGGRESSIVE;
				GCC_WARN_UNUSED_FUNCTION = YES;
				GCC_WARN_UNUSED_VARIABLE = YES;
				IPHONEOS_DEPLOYMENT_TARGET = 13.1;
				MTL_ENABLE_DEBUG_INFO = NO;
				MTL_FAST_MATH = YES;
				SDKROOT = iphoneos;
				SWIFT_COMPILATION_MODE = wholemodule;
				SWIFT_OPTIMIZATION_LEVEL = "-O";
				VALIDATE_PRODUCT = YES;
			};
			name = Release;
		};
		86BF1C8C23719EE200BBF060 /* Debug */ = {
			isa = XCBuildConfiguration;
			baseConfigurationReference = 613514152519972528E4A643 /* Pods-Hadi Movie.debug.xcconfig */;
			buildSettings = {
				ASSETCATALOG_COMPILER_APPICON_NAME = AppIcon;
				CODE_SIGN_STYLE = Automatic;
				DEVELOPMENT_TEAM = 2U6KYB8M67;
				INFOPLIST_FILE = "Hadi Movie/Info.plist";
				LD_RUNPATH_SEARCH_PATHS = (
					"$(inherited)",
					"@executable_path/Frameworks",
				);
				PRODUCT_BUNDLE_IDENTIFIER = "com.KS.Hadi-Movie";
				PRODUCT_NAME = "$(TARGET_NAME)";
				SWIFT_VERSION = 5.0;
				TARGETED_DEVICE_FAMILY = "1,2";
			};
			name = Debug;
		};
		86BF1C8D23719EE200BBF060 /* Release */ = {
			isa = XCBuildConfiguration;
			baseConfigurationReference = 80F92FE23A2D32450099BC06 /* Pods-Hadi Movie.release.xcconfig */;
			buildSettings = {
				ASSETCATALOG_COMPILER_APPICON_NAME = AppIcon;
				CODE_SIGN_STYLE = Automatic;
				DEVELOPMENT_TEAM = 2U6KYB8M67;
				INFOPLIST_FILE = "Hadi Movie/Info.plist";
				LD_RUNPATH_SEARCH_PATHS = (
					"$(inherited)",
					"@executable_path/Frameworks",
				);
				PRODUCT_BUNDLE_IDENTIFIER = "com.KS.Hadi-Movie";
				PRODUCT_NAME = "$(TARGET_NAME)";
				SWIFT_VERSION = 5.0;
				TARGETED_DEVICE_FAMILY = "1,2";
			};
			name = Release;
		};
		86BF1C8F23719EE200BBF060 /* Debug */ = {
			isa = XCBuildConfiguration;
			baseConfigurationReference = B482F93B6908EBF196A35764 /* Pods-Hadi Movie-Hadi MovieUITests.debug.xcconfig */;
			buildSettings = {
				ALWAYS_EMBED_SWIFT_STANDARD_LIBRARIES = YES;
				CODE_SIGN_STYLE = Automatic;
				INFOPLIST_FILE = "Hadi MovieUITests/Info.plist";
				LD_RUNPATH_SEARCH_PATHS = (
					"$(inherited)",
					"@executable_path/Frameworks",
					"@loader_path/Frameworks",
				);
				PRODUCT_BUNDLE_IDENTIFIER = "com.KS.Hadi-MovieUITests";
				PRODUCT_NAME = "$(TARGET_NAME)";
				SWIFT_VERSION = 5.0;
				TARGETED_DEVICE_FAMILY = "1,2";
				TEST_TARGET_NAME = "Hadi Movie";
			};
			name = Debug;
		};
		86BF1C9023719EE200BBF060 /* Release */ = {
			isa = XCBuildConfiguration;
			baseConfigurationReference = BD5319E742C0ECBB70E392FA /* Pods-Hadi Movie-Hadi MovieUITests.release.xcconfig */;
			buildSettings = {
				ALWAYS_EMBED_SWIFT_STANDARD_LIBRARIES = YES;
				CODE_SIGN_STYLE = Automatic;
				INFOPLIST_FILE = "Hadi MovieUITests/Info.plist";
				LD_RUNPATH_SEARCH_PATHS = (
					"$(inherited)",
					"@executable_path/Frameworks",
					"@loader_path/Frameworks",
				);
				PRODUCT_BUNDLE_IDENTIFIER = "com.KS.Hadi-MovieUITests";
				PRODUCT_NAME = "$(TARGET_NAME)";
				SWIFT_VERSION = 5.0;
				TARGETED_DEVICE_FAMILY = "1,2";
				TEST_TARGET_NAME = "Hadi Movie";
			};
			name = Release;
		};
/* End XCBuildConfiguration section */

/* Begin XCConfigurationList section */
		86BF1C6523719EDE00BBF060 /* Build configuration list for PBXProject "Hadi Movie" */ = {
			isa = XCConfigurationList;
			buildConfigurations = (
				86BF1C8923719EE200BBF060 /* Debug */,
				86BF1C8A23719EE200BBF060 /* Release */,
			);
			defaultConfigurationIsVisible = 0;
			defaultConfigurationName = Release;
		};
		86BF1C8B23719EE200BBF060 /* Build configuration list for PBXNativeTarget "Hadi Movie" */ = {
			isa = XCConfigurationList;
			buildConfigurations = (
				86BF1C8C23719EE200BBF060 /* Debug */,
				86BF1C8D23719EE200BBF060 /* Release */,
			);
			defaultConfigurationIsVisible = 0;
			defaultConfigurationName = Release;
		};
		86BF1C8E23719EE200BBF060 /* Build configuration list for PBXNativeTarget "Hadi MovieUITests" */ = {
			isa = XCConfigurationList;
			buildConfigurations = (
				86BF1C8F23719EE200BBF060 /* Debug */,
				86BF1C9023719EE200BBF060 /* Release */,
			);
			defaultConfigurationIsVisible = 0;
			defaultConfigurationName = Release;
		};
/* End XCConfigurationList section */
	};
	rootObject = 86BF1C6223719EDE00BBF060 /* Project object */;
}
